
Microsoft Visual Studio Solution File, Format Version 12.00
# Visual Studio Version 16
VisualStudioVersion = 25.0.1703.3
MinimumVisualStudioVersion = 10.0.40219.1
Project("{FAE04EC0-301F-11D3-BF4B-00C04F79EFBC}") = "RomanNumeralsConverter", "RomanNumeralsConverter\RomanNumeralsConverter.csproj", "{A94A5B14-D55C-4A67-BC02-25FF4610892E}"
EndProject
Global
	GlobalSection(SolutionConfigurationPlatforms) = preSolution
		Debug|Any CPU = Debug|Any CPU
		Release|Any CPU = Release|Any CPU
	EndGlobalSection
	GlobalSection(ProjectConfigurationPlatforms) = postSolution
		{A94A5B14-D55C-4A67-BC02-25FF4610892E}.Debug|Any CPU.ActiveCfg = Debug|Any CPU
		{A94A5B14-D55C-4A67-BC02-25FF4610892E}.Debug|Any CPU.Build.0 = Debug|Any CPU
		{A94A5B14-D55C-4A67-BC02-25FF4610892E}.Release|Any CPU.ActiveCfg = Release|Any CPU
		{A94A5B14-D55C-4A67-BC02-25FF4610892E}.Release|Any CPU.Build.0 = Release|Any CPU
	EndGlobalSection
	GlobalSection(SolutionProperties) = preSolution
		HideSolutionNode = FALSE
	EndGlobalSection
	GlobalSection(ExtensibilityGlobals) = postSolution
		SolutionGuid = {754CA8FA-C1A4-40EE-813F-B8A28EBB0BB2}
	EndGlobalSection
EndGlobal
